
Microsoft Visual Studio Solution File, Format Version 12.00
# Visual Studio Version 16
VisualStudioVersion = 16.0.30804.86
MinimumVisualStudioVersion = 10.0.40219.1
Project("{FAE04EC0-301F-11D3-BF4B-00C04F79EFBC}") = "TestDemoAPP.Android", "TestDemoAPP\TestDemoAPP.Android\TestDemoAPP.Android.csproj", "{3D80EC7D-4F7B-4A55-B49A-A95C4952DA23}"
EndProject
Project("{FAE04EC0-301F-11D3-BF4B-00C04F79EFBC}") = "TestDemoAPP.iOS", "TestDemoAPP\TestDemoAPP.iOS\TestDemoAPP.iOS.csproj", "{C5905F9D-BB17-466A-97BB-B32F2442A92D}"
EndProject
Project("{FAE04EC0-301F-11D3-BF4B-00C04F79EFBC}") = "TestDemoAPP", "TestDemoAPP\TestDemoAPP\TestDemoAPP.csproj", "{42A228ED-5770-4323-8D15-7F122B909A6A}"
EndProject
Global
	GlobalSection(SolutionConfigurationPlatforms) = preSolution
		Debug|Any CPU = Debug|Any CPU
		Debug|iPhone = Debug|iPhone
		Debug|iPhoneSimulator = Debug|iPhoneSimulator
		Release|Any CPU = Release|Any CPU
		Release|iPhone = Release|iPhone
		Release|iPhoneSimulator = Release|iPhoneSimulator
	EndGlobalSection
	GlobalSection(ProjectConfigurationPlatforms) = postSolution
		{3D80EC7D-4F7B-4A55-B49A-A95C4952DA23}.Debug|Any CPU.ActiveCfg = Debug|Any CPU
		{3D80EC7D-4F7B-4A55-B49A-A95C4952DA23}.Debug|Any CPU.Build.0 = Debug|Any CPU
		{3D80EC7D-4F7B-4A55-B49A-A95C4952DA23}.Debug|Any CPU.Deploy.0 = Debug|Any CPU
		{3D80EC7D-4F7B-4A55-B49A-A95C4952DA23}.Debug|iPhone.ActiveCfg = Debug|Any CPU
		{3D80EC7D-4F7B-4A55-B49A-A95C4952DA23}.Debug|iPhone.Build.0 = Debug|Any CPU
		{3D80EC7D-4F7B-4A55-B49A-A95C4952DA23}.Debug|iPhone.Deploy.0 = Debug|Any CPU
		{3D80EC7D-4F7B-4A55-B49A-A95C4952DA23}.Debug|iPhoneSimulator.ActiveCfg = Debug|Any CPU
		{3D80EC7D-4F7B-4A55-B49A-A95C4952DA23}.Debug|iPhoneSimulator.Build.0 = Debug|Any CPU
		{3D80EC7D-4F7B-4A55-B49A-A95C4952DA23}.Debug|iPhoneSimulator.Deploy.0 = Debug|Any CPU
		{3D80EC7D-4F7B-4A55-B49A-A95C4952DA23}.Release|Any CPU.ActiveCfg = Release|Any CPU
		{3D80EC7D-4F7B-4A55-B49A-A95C4952DA23}.Release|Any CPU.Build.0 = Release|Any CPU
		{3D80EC7D-4F7B-4A55-B49A-A95C4952DA23}.Release|Any CPU.Deploy.0 = Release|Any CPU
		{3D80EC7D-4F7B-4A55-B49A-A95C4952DA23}.Release|iPhone.ActiveCfg = Release|Any CPU
		{3D80EC7D-4F7B-4A55-B49A-A95C4952DA23}.Release|iPhone.Build.0 = Release|Any CPU
		{3D80EC7D-4F7B-4A55-B49A-A95C4952DA23}.Release|iPhone.Deploy.0 = Release|Any CPU
		{3D80EC7D-4F7B-4A55-B49A-A95C4952DA23}.Release|iPhoneSimulator.ActiveCfg = Release|Any CPU
		{3D80EC7D-4F7B-4A55-B49A-A95C4952DA23}.Release|iPhoneSimulator.Build.0 = Release|Any CPU
		{3D80EC7D-4F7B-4A55-B49A-A95C4952DA23}.Release|iPhoneSimulator.Deploy.0 = Release|Any CPU
		{C5905F9D-BB17-466A-97BB-B32F2442A92D}.Debug|Any CPU.ActiveCfg = Debug|iPhone
		{C5905F9D-BB17-466A-97BB-B32F2442A92D}.Debug|Any CPU.Build.0 = Debug|iPhone
		{C5905F9D-BB17-466A-97BB-B32F2442A92D}.Debug|Any CPU.Deploy.0 = Debug|iPhone
		{C5905F9D-BB17-466A-97BB-B32F2442A92D}.Debug|iPhone.ActiveCfg = Debug|iPhone
		{C5905F9D-BB17-466A-97BB-B32F2442A92D}.Debug|iPhone.Build.0 = Debug|iPhone
		{C5905F9D-BB17-466A-97BB-B32F2442A92D}.Debug|iPhone.Deploy.0 = Debug|iPhone
		{C5905F9D-BB17-466A-97BB-B32F2442A92D}.Debug|iPhoneSimulator.ActiveCfg = Debug|iPhoneSimulator
		{C5905F9D-BB17-466A-97BB-B32F2442A92D}.Debug|iPhoneSimulator.Build.0 = Debug|iPhoneSimulator
		{C5905F9D-BB17-466A-97BB-B32F2442A92D}.Debug|iPhoneSimulator.Deploy.0 = Debug|iPhoneSimulator
		{C5905F9D-BB17-466A-97BB-B32F2442A92D}.Release|Any CPU.ActiveCfg = Release|iPhoneSimulator
		{C5905F9D-BB17-466A-97BB-B32F2442A92D}.Release|Any CPU.Build.0 = Release|iPhoneSimulator
		{C5905F9D-BB17-466A-97BB-B32F2442A92D}.Release|Any CPU.Deploy.0 = Release|iPhoneSimulator
		{C5905F9D-BB17-466A-97BB-B32F2442A92D}.Release|iPhone.ActiveCfg = Release|iPhone
		{C5905F9D-BB17-466A-97BB-B32F2442A92D}.Release|iPhone.Build.0 = Release|iPhone
		{C5905F9D-BB17-466A-97BB-B32F2442A92D}.Release|iPhone.Deploy.0 = Release|iPhone
		{C5905F9D-BB17-466A-97BB-B32F2442A92D}.Release|iPhoneSimulator.ActiveCfg = Release|iPhoneSimulator
		{C5905F9D-BB17-466A-97BB-B32F2442A92D}.Release|iPhoneSimulator.Build.0 = Release|iPhoneSimulator
		{C5905F9D-BB17-466A-97BB-B32F2442A92D}.Release|iPhoneSimulator.Deploy.0 = Release|iPhoneSimulator
		{42A228ED-5770-4323-8D15-7F122B909A6A}.Debug|Any CPU.ActiveCfg = Debug|Any CPU
		{42A228ED-5770-4323-8D15-7F122B909A6A}.Debug|Any CPU.Build.0 = Debug|Any CPU
		{42A228ED-5770-4323-8D15-7F122B909A6A}.Debug|Any CPU.Deploy.0 = Debug|Any CPU
		{42A228ED-5770-4323-8D15-7F122B909A6A}.Debug|iPhone.ActiveCfg = Debug|Any CPU
		{42A228ED-5770-4323-8D15-7F122B909A6A}.Debug|iPhone.Build.0 = Debug|Any CPU
		{42A228ED-5770-4323-8D15-7F122B909A6A}.Debug|iPhone.Deploy.0 = Debug|Any CPU
		{42A228ED-5770-4323-8D15-7F122B909A6A}.Debug|iPhoneSimulator.ActiveCfg = Debug|Any CPU
		{42A228ED-5770-4323-8D15-7F122B909A6A}.Debug|iPhoneSimulator.Build.0 = Debug|Any CPU
		{42A228ED-5770-4323-8D15-7F122B909A6A}.Debug|iPhoneSimulator.Deploy.0 = Debug|Any CPU
		{42A228ED-5770-4323-8D15-7F122B909A6A}.Release|Any CPU.ActiveCfg = Release|Any CPU
		{42A228ED-5770-4323-8D15-7F122B909A6A}.Release|Any CPU.Build.0 = Release|Any CPU
		{42A228ED-5770-4323-8D15-7F122B909A6A}.Release|Any CPU.Deploy.0 = Release|Any CPU
		{42A228ED-5770-4323-8D15-7F122B909A6A}.Release|iPhone.ActiveCfg = Release|Any CPU
		{42A228ED-5770-4323-8D15-7F122B909A6A}.Release|iPhone.Build.0 = Release|Any CPU
		{42A228ED-5770-4323-8D15-7F122B909A6A}.Release|iPhone.Deploy.0 = Release|Any CPU
		{42A228ED-5770-4323-8D15-7F122B909A6A}.Release|iPhoneSimulator.ActiveCfg = Release|Any CPU
		{42A228ED-5770-4323-8D15-7F122B909A6A}.Release|iPhoneSimulator.Build.0 = Release|Any CPU
		{42A228ED-5770-4323-8D15-7F122B909A6A}.Release|iPhoneSimulator.Deploy.0 = Release|Any CPU
	EndGlobalSection
	GlobalSection(SolutionProperties) = preSolution
		HideSolutionNode = FALSE
	EndGlobalSection
	GlobalSection(ExtensibilityGlobals) = postSolution
		SolutionGuid = {C10CDCF3-758C-4AE5-B969-5C9DB25C5F68}
	EndGlobalSection
EndGlobal
